
Microsoft Visual Studio Solution File, Format Version 12.00
# Visual Studio Version 16
VisualStudioVersion = 25.0.1705.2
MinimumVisualStudioVersion = 10.0.40219.1
Project("{FAE04EC0-301F-11D3-BF4B-00C04F79EFBC}") = "myfirstazureapi", "myfirstazureapi\myfirstazureapi.csproj", "{6E108A9F-4B80-43C4-9586-4A28613AC592}"
EndProject
Global
	GlobalSection(SolutionConfigurationPlatforms) = preSolution
		Debug|Any CPU = Debug|Any CPU
		Release|Any CPU = Release|Any CPU
	EndGlobalSection
	GlobalSection(ProjectConfigurationPlatforms) = postSolution
		{6E108A9F-4B80-43C4-9586-4A28613AC592}.Debug|Any CPU.ActiveCfg = Debug|Any CPU
		{6E108A9F-4B80-43C4-9586-4A28613AC592}.Debug|Any CPU.Build.0 = Debug|Any CPU
		{6E108A9F-4B80-43C4-9586-4A28613AC592}.Release|Any CPU.ActiveCfg = Release|Any CPU
		{6E108A9F-4B80-43C4-9586-4A28613AC592}.Release|Any CPU.Build.0 = Release|Any CPU
	EndGlobalSection
	GlobalSection(SolutionProperties) = preSolution
		HideSolutionNode = FALSE
	EndGlobalSection
	GlobalSection(ExtensibilityGlobals) = postSolution
		SolutionGuid = {F6849262-B47F-4CC1-B81F-EEF09F8C8C07}
	EndGlobalSection
EndGlobal
